PODS:
  - Realm (10.49.3):
    - Realm/Headers (= 10.49.3)
  - Realm/Headers (10.49.3)
  - RealmSwift (10.49.3):
    - Realm (= 10.49.3)

DEPENDENCIES:
  - RealmSwift (~> 10)

SPEC REPOS:
  trunk:
    - Realm
    - RealmSwift

SPEC CHECKSUMS:
  Realm: d7cfad3146a7cb9caa00799a216ff0d80c33f36f
  RealmSwift: 06fb2d9cf029b837fe76136446199906b096470a

PODFILE CHECKSUM: f017731755bc594951288d9eb02777eafe418932

COCOAPODS: 1.15.2
